
Microsoft Visual Studio Solution File, Format Version 12.00
# Visual Studio Version 16
VisualStudioVersion = 16.0.30114.105
MinimumVisualStudioVersion = 10.0.40219.1
Project("{FAE04EC0-301F-11D3-BF4B-00C04F79EFBC}") = "DotNetGooglePagination", "DotNetGooglePagination\DotNetGooglePagination.csproj", "{BE99B8F4-20B7-4717-BB32-8D91E351E40F}"
EndProject
Global
	GlobalSection(SolutionConfigurationPlatforms) = preSolution
		Debug|Any CPU = Debug|Any CPU
		Release|Any CPU = Release|Any CPU
	EndGlobalSection
	GlobalSection(ProjectConfigurationPlatforms) = postSolution
		{BE99B8F4-20B7-4717-BB32-8D91E351E40F}.Debug|Any CPU.ActiveCfg = Debug|Any CPU
		{BE99B8F4-20B7-4717-BB32-8D91E351E40F}.Debug|Any CPU.Build.0 = Debug|Any CPU
		{BE99B8F4-20B7-4717-BB32-8D91E351E40F}.Release|Any CPU.ActiveCfg = Release|Any CPU
		{BE99B8F4-20B7-4717-BB32-8D91E351E40F}.Release|Any CPU.Build.0 = Release|Any CPU
	EndGlobalSection
	GlobalSection(SolutionProperties) = preSolution
		HideSolutionNode = FALSE
	EndGlobalSection
	GlobalSection(ExtensibilityGlobals) = postSolution
		SolutionGuid = {D2384E22-422F-4164-9118-3FC58893CA82}
	EndGlobalSection
EndGlobal
